
Microsoft Visual Studio Solution File, Format Version 12.00
# Visual Studio 2013
VisualStudioVersion = 12.0.40629.0
MinimumVisualStudioVersion = 10.0.40219.1
Project("{8BC9CEB8-8B4A-11D0-8D11-00A0C91BC942}") = "HostDevTransfer-C++", "HostDevTransfer\HostDevTransfer.vcxproj", "{78628D4A-73CC-4C53-8239-49F642C7AA05}"
EndProject
Project("{8BC9CEB8-8B4A-11D0-8D11-00A0C91BC942}") = "NBody-C++", "NBody\NBody.vcxproj", "{D2A527A3-94CA-4BA0-91B6-0F644F7504EA}"
EndProject
Project("{8BC9CEB8-8B4A-11D0-8D11-00A0C91BC942}") = "NBody-GL-C++", "NBody-GL\NBody-GL.vcxproj", "{00837760-3548-4DD3-994D-3F7DA5470F44}"
EndProject
Project("{8BC9CEB8-8B4A-11D0-8D11-00A0C91BC942}") = "Bilateral-C++", "Bilateral\Bilateral.vcxproj", "{F08CBA61-B895-4F44-8523-9F715BFC33BC}"
EndProject
Project("{8BC9CEB8-8B4A-11D0-8D11-00A0C91BC942}") = "DeviceInfo-C++", "DeviceInfo\DeviceInfo-C++.vcxproj", "{EA63A45D-87BE-47F7-9520-02171E4CABB5}"
EndProject
Project("{8BC9CEB8-8B4A-11D0-8D11-00A0C91BC942}") = "NBody-GL-VBO-C++", "NBody-GL-VBO\NBody-GL-VBO.vcxproj", "{25994F75-1301-4D29-A876-90D7929E7B44}"
EndProject
Project("{8BC9CEB8-8B4A-11D0-8D11-00A0C91BC942}") = "Bilateral-C", "Bilateral\VS-Bilateral-C\Bilateral-C.vcxproj", "{2C627CE4-EF01-4BC3-A610-ED48A8B25142}"
EndProject
Project("{8BC9CEB8-8B4A-11D0-8D11-00A0C91BC942}") = "HostDevTransfer-C", "HostDevTransfer\VS-HostDevTransfer-C\HostDevTransfer-C.vcxproj", "{6CB6B11D-A950-4B5E-BD08-D509D6FD7049}"
EndProject
Project("{8BC9CEB8-8B4A-11D0-8D11-00A0C91BC942}") = "NBody-GL-C", "NBody-GL\VS-NBody-GL-C\NBody-GL-C.vcxproj", "{CD1EEB28-3F57-4E77-BFAB-DB5D8B528929}"
EndProject
Project("{8BC9CEB8-8B4A-11D0-8D11-00A0C91BC942}") = "NBody-GL-VBO-C", "NBody-GL-VBO\VS-NBody-GL-VBO-C\NBody-GL-VBO-C.vcxproj", "{3E7E5C78-BE49-4030-894B-BE4FF2BB8DF2}"
EndProject
Global
	GlobalSection(SolutionConfigurationPlatforms) = preSolution
		Debug|Win32 = Debug|Win32
		Release|Win32 = Release|Win32
	EndGlobalSection
	GlobalSection(ProjectConfigurationPlatforms) = postSolution
		{78628D4A-73CC-4C53-8239-49F642C7AA05}.Debug|Win32.ActiveCfg = Debug|Win32
		{78628D4A-73CC-4C53-8239-49F642C7AA05}.Debug|Win32.Build.0 = Debug|Win32
		{78628D4A-73CC-4C53-8239-49F642C7AA05}.Release|Win32.ActiveCfg = Release|Win32
		{78628D4A-73CC-4C53-8239-49F642C7AA05}.Release|Win32.Build.0 = Release|Win32
		{D2A527A3-94CA-4BA0-91B6-0F644F7504EA}.Debug|Win32.ActiveCfg = Debug|Win32
		{D2A527A3-94CA-4BA0-91B6-0F644F7504EA}.Debug|Win32.Build.0 = Debug|Win32
		{D2A527A3-94CA-4BA0-91B6-0F644F7504EA}.Release|Win32.ActiveCfg = Release|Win32
		{D2A527A3-94CA-4BA0-91B6-0F644F7504EA}.Release|Win32.Build.0 = Release|Win32
		{00837760-3548-4DD3-994D-3F7DA5470F44}.Debug|Win32.ActiveCfg = Debug|Win32
		{00837760-3548-4DD3-994D-3F7DA5470F44}.Debug|Win32.Build.0 = Debug|Win32
		{00837760-3548-4DD3-994D-3F7DA5470F44}.Release|Win32.ActiveCfg = Release|Win32
		{00837760-3548-4DD3-994D-3F7DA5470F44}.Release|Win32.Build.0 = Release|Win32
		{F08CBA61-B895-4F44-8523-9F715BFC33BC}.Debug|Win32.ActiveCfg = Debug|Win32
		{F08CBA61-B895-4F44-8523-9F715BFC33BC}.Debug|Win32.Build.0 = Debug|Win32
		{F08CBA61-B895-4F44-8523-9F715BFC33BC}.Release|Win32.ActiveCfg = Release|Win32
		{F08CBA61-B895-4F44-8523-9F715BFC33BC}.Release|Win32.Build.0 = Release|Win32
		{EA63A45D-87BE-47F7-9520-02171E4CABB5}.Debug|Win32.ActiveCfg = Debug|Win32
		{EA63A45D-87BE-47F7-9520-02171E4CABB5}.Debug|Win32.Build.0 = Debug|Win32
		{EA63A45D-87BE-47F7-9520-02171E4CABB5}.Release|Win32.ActiveCfg = Release|Win32
		{EA63A45D-87BE-47F7-9520-02171E4CABB5}.Release|Win32.Build.0 = Release|Win32
		{25994F75-1301-4D29-A876-90D7929E7B44}.Debug|Win32.ActiveCfg = Debug|Win32
		{25994F75-1301-4D29-A876-90D7929E7B44}.Debug|Win32.Build.0 = Debug|Win32
		{25994F75-1301-4D29-A876-90D7929E7B44}.Release|Win32.ActiveCfg = Release|Win32
		{25994F75-1301-4D29-A876-90D7929E7B44}.Release|Win32.Build.0 = Release|Win32
		{2C627CE4-EF01-4BC3-A610-ED48A8B25142}.Debug|Win32.ActiveCfg = Debug|Win32
		{2C627CE4-EF01-4BC3-A610-ED48A8B25142}.Debug|Win32.Build.0 = Debug|Win32
		{2C627CE4-EF01-4BC3-A610-ED48A8B25142}.Release|Win32.ActiveCfg = Release|Win32
		{2C627CE4-EF01-4BC3-A610-ED48A8B25142}.Release|Win32.Build.0 = Release|Win32
		{6CB6B11D-A950-4B5E-BD08-D509D6FD7049}.Debug|Win32.ActiveCfg = Debug|Win32
		{6CB6B11D-A950-4B5E-BD08-D509D6FD7049}.Debug|Win32.Build.0 = Debug|Win32
		{6CB6B11D-A950-4B5E-BD08-D509D6FD7049}.Release|Win32.ActiveCfg = Release|Win32
		{6CB6B11D-A950-4B5E-BD08-D509D6FD7049}.Release|Win32.Build.0 = Release|Win32
		{CD1EEB28-3F57-4E77-BFAB-DB5D8B528929}.Debug|Win32.ActiveCfg = Debug|Win32
		{CD1EEB28-3F57-4E77-BFAB-DB5D8B528929}.Debug|Win32.Build.0 = Debug|Win32
		{CD1EEB28-3F57-4E77-BFAB-DB5D8B528929}.Release|Win32.ActiveCfg = Release|Win32
		{CD1EEB28-3F57-4E77-BFAB-DB5D8B528929}.Release|Win32.Build.0 = Release|Win32
		{3E7E5C78-BE49-4030-894B-BE4FF2BB8DF2}.Debug|Win32.ActiveCfg = Debug|Win32
		{3E7E5C78-BE49-4030-894B-BE4FF2BB8DF2}.Debug|Win32.Build.0 = Debug|Win32
		{3E7E5C78-BE49-4030-894B-BE4FF2BB8DF2}.Release|Win32.ActiveCfg = Release|Win32
		{3E7E5C78-BE49-4030-894B-BE4FF2BB8DF2}.Release|Win32.Build.0 = Release|Win32
	EndGlobalSection
	GlobalSection(SolutionProperties) = preSolution
		HideSolutionNode = FALSE
	EndGlobalSection
EndGlobal
