
Microsoft Visual Studio Solution File, Format Version 12.00
# Visual Studio 2013
VisualStudioVersion = 12.0.40629.0
MinimumVisualStudioVersion = 10.0.40219.1
Project("{8BC9CEB8-8B4A-11D0-8D11-00A0C91BC942}") = "VAdd_Chain-C++", "VAdd_Chain\VAdd_Chain.vcxproj", "{05F59E79-3559-4102-88B6-6530F563F308}"
EndProject
Project("{8BC9CEB8-8B4A-11D0-8D11-00A0C91BC942}") = "MatMul-C++", "MatMul\MatMul.vcxproj", "{36219312-AB60-48C9-92B7-1F31106C22DF}"
EndProject
Project("{8BC9CEB8-8B4A-11D0-8D11-00A0C91BC942}") = "Pi-C++", "Pi\Pi.vcxproj", "{2AF73B98-C4B3-46C3-8FFC-702FB5CF9BB9}"
EndProject
Project("{8BC9CEB8-8B4A-11D0-8D11-00A0C91BC942}") = "MatMul-C", "MatMul\VS-MatMul-C\MatMul-C.vcxproj", "{3EFF790A-F5EE-495A-B79E-BEF61B4CE331}"
EndProject
Project("{8BC9CEB8-8B4A-11D0-8D11-00A0C91BC942}") = "VAdd_Chain-C", "VAdd_Chain\VS-VAdd_Chain-C\VAdd_Chain-C.vcxproj", "{B7C3BC3E-7950-409C-A4B2-61D83E406367}"
EndProject
Global
	GlobalSection(SolutionConfigurationPlatforms) = preSolution
		Debug|Win32 = Debug|Win32
		Release|Win32 = Release|Win32
	EndGlobalSection
	GlobalSection(ProjectConfigurationPlatforms) = postSolution
		{05F59E79-3559-4102-88B6-6530F563F308}.Debug|Win32.ActiveCfg = Debug|Win32
		{05F59E79-3559-4102-88B6-6530F563F308}.Debug|Win32.Build.0 = Debug|Win32
		{05F59E79-3559-4102-88B6-6530F563F308}.Release|Win32.ActiveCfg = Release|Win32
		{05F59E79-3559-4102-88B6-6530F563F308}.Release|Win32.Build.0 = Release|Win32
		{36219312-AB60-48C9-92B7-1F31106C22DF}.Debug|Win32.ActiveCfg = Debug|Win32
		{36219312-AB60-48C9-92B7-1F31106C22DF}.Debug|Win32.Build.0 = Debug|Win32
		{36219312-AB60-48C9-92B7-1F31106C22DF}.Release|Win32.ActiveCfg = Release|Win32
		{36219312-AB60-48C9-92B7-1F31106C22DF}.Release|Win32.Build.0 = Release|Win32
		{2AF73B98-C4B3-46C3-8FFC-702FB5CF9BB9}.Debug|Win32.ActiveCfg = Debug|Win32
		{2AF73B98-C4B3-46C3-8FFC-702FB5CF9BB9}.Debug|Win32.Build.0 = Debug|Win32
		{2AF73B98-C4B3-46C3-8FFC-702FB5CF9BB9}.Release|Win32.ActiveCfg = Release|Win32
		{2AF73B98-C4B3-46C3-8FFC-702FB5CF9BB9}.Release|Win32.Build.0 = Release|Win32
		{3EFF790A-F5EE-495A-B79E-BEF61B4CE331}.Debug|Win32.ActiveCfg = Debug|Win32
		{3EFF790A-F5EE-495A-B79E-BEF61B4CE331}.Debug|Win32.Build.0 = Debug|Win32
		{3EFF790A-F5EE-495A-B79E-BEF61B4CE331}.Release|Win32.ActiveCfg = Release|Win32
		{3EFF790A-F5EE-495A-B79E-BEF61B4CE331}.Release|Win32.Build.0 = Release|Win32
		{B7C3BC3E-7950-409C-A4B2-61D83E406367}.Debug|Win32.ActiveCfg = Debug|Win32
		{B7C3BC3E-7950-409C-A4B2-61D83E406367}.Debug|Win32.Build.0 = Debug|Win32
		{B7C3BC3E-7950-409C-A4B2-61D83E406367}.Release|Win32.ActiveCfg = Release|Win32
		{B7C3BC3E-7950-409C-A4B2-61D83E406367}.Release|Win32.Build.0 = Release|Win32
	EndGlobalSection
	GlobalSection(SolutionProperties) = preSolution
		HideSolutionNode = FALSE
	EndGlobalSection
EndGlobal
